
Microsoft Visual Studio Solution File, Format Version 12.00
# Visual Studio Version 17
VisualStudioVersion = 17.0.31612.314
MinimumVisualStudioVersion = 10.0.40219.1
Project("{FAE04EC0-301F-11D3-BF4B-00C04F79EFBC}") = "FA.JustBlog.API", "FA.JustBlog.API\FA.JustBlog.API.csproj", "{21B3F230-6099-4F7F-A523-2F5D12A72FEB}"
EndProject
Global
	GlobalSection(SolutionConfigurationPlatforms) = preSolution
		Debug|Any CPU = Debug|Any CPU
		Release|Any CPU = Release|Any CPU
	EndGlobalSection
	GlobalSection(ProjectConfigurationPlatforms) = postSolution
		{21B3F230-6099-4F7F-A523-2F5D12A72FEB}.Debug|Any CPU.ActiveCfg = Debug|Any CPU
		{21B3F230-6099-4F7F-A523-2F5D12A72FEB}.Debug|Any CPU.Build.0 = Debug|Any CPU
		{21B3F230-6099-4F7F-A523-2F5D12A72FEB}.Release|Any CPU.ActiveCfg = Release|Any CPU
		{21B3F230-6099-4F7F-A523-2F5D12A72FEB}.Release|Any CPU.Build.0 = Release|Any CPU
	EndGlobalSection
	GlobalSection(SolutionProperties) = preSolution
		HideSolutionNode = FALSE
	EndGlobalSection
	GlobalSection(ExtensibilityGlobals) = postSolution
		SolutionGuid = {EDC96BE5-6EC2-4B01-83F6-8DB916974176}
	EndGlobalSection
EndGlobal
